Microsoft Visual Studio Solution File, Format Version 11.00
# Visual Studio 2008

Project("{EAC69301-E418-CCB1-39D6-8DF2620D5425}") = "SpaceWarMenu", "Assembly-CSharp.csproj", "{5F0B5A28-D19C-11B2-4420-FE7604D45CB5}"
EndProject
Global
	GlobalSection(SolutionConfigurationPlatforms) = preSolution
		Debug|Any CPU = Debug|Any CPU
		Release|Any CPU = Release|Any CPU
	EndGlobalSection
	GlobalSection(ProjectConfigurationPlatforms) = postSolution
		{5F0B5A28-D19C-11B2-4420-FE7604D45CB5}.Debug|Any CPU.ActiveCfg = Debug|Any CPU
		{5F0B5A28-D19C-11B2-4420-FE7604D45CB5}.Debug|Any CPU.Build.0 = Debug|Any CPU
		{5F0B5A28-D19C-11B2-4420-FE7604D45CB5}.Release|Any CPU.ActiveCfg = Release|Any CPU
		{5F0B5A28-D19C-11B2-4420-FE7604D45CB5}.Release|Any CPU.Build.0 = Release|Any CPU
	EndGlobalSection
	GlobalSection(SolutionProperties) = preSolution
		HideSolutionNode = FALSE
	EndGlobalSection
	GlobalSection(MonoDevelopProperties) = preSolution
		StartupItem = Assembly-CSharp.csproj
	EndGlobalSection
EndGlobal
